// !$*UTF8*$!
{
	archiveVersion = 1;
	classes = {
	};
	objectVersion = 56;
	objects = {

/* Begin PBXBuildFile section */
		78EA7BD32AA62BF300B1DCAE /* HotelTestWorkApp.swift in Sources */ = {isa = PBXBuildFile; fileRef = 78EA7BD22AA62BF300B1DCAE /* HotelTestWorkApp.swift */; };
		78EA7BD52AA62BF300B1DCAE /* ContentView.swift in Sources */ = {isa = PBXBuildFile; fileRef = 78EA7BD42AA62BF300B1DCAE /* ContentView.swift */; };
		78EA7BD72AA62BF500B1DCAE /* Assets.xcassets in Resources */ = {isa = PBXBuildFile; fileRef = 78EA7BD62AA62BF500B1DCAE /* Assets.xcassets */; };
		78EA7BDA2AA62BF500B1DCAE /* Preview Assets.xcassets in Resources */ = {isa = PBXBuildFile; fileRef = 78EA7BD92AA62BF500B1DCAE /* Preview Assets.xcassets */; };
		78EA7BE42AA6306400B1DCAE /* HotelViewModel.swift in Sources */ = {isa = PBXBuildFile; fileRef = 78EA7BE32AA6306400B1DCAE /* HotelViewModel.swift */; };
		78EA7BE62AA6307800B1DCAE /* HotelModel.swift in Sources */ = {isa = PBXBuildFile; fileRef = 78EA7BE52AA6307800B1DCAE /* HotelModel.swift */; };
		78EA7BE82AA6309500B1DCAE /* HotelView.swift in Sources */ = {isa = PBXBuildFile; fileRef = 78EA7BE72AA6309500B1DCAE /* HotelView.swift */; };
		78EA7BEA2AA630A200B1DCAE /* RoomViewModel.swift in Sources */ = {isa = PBXBuildFile; fileRef = 78EA7BE92AA630A200B1DCAE /* RoomViewModel.swift */; };
		78EA7BEC2AA630AE00B1DCAE /* RoomView.swift in Sources */ = {isa = PBXBuildFile; fileRef = 78EA7BEB2AA630AE00B1DCAE /* RoomView.swift */; };
		78EA7BEE2AA630C100B1DCAE /* RoomModel.swift in Sources */ = {isa = PBXBuildFile; fileRef = 78EA7BED2AA630C100B1DCAE /* RoomModel.swift */; };
		78EA7BF02AA630D700B1DCAE /* BookingViewModel.swift in Sources */ = {isa = PBXBuildFile; fileRef = 78EA7BEF2AA630D700B1DCAE /* BookingViewModel.swift */; };
		78EA7BF22AA630DF00B1DCAE /* BookingView.swift in Sources */ = {isa = PBXBuildFile; fileRef = 78EA7BF12AA630DF00B1DCAE /* BookingView.swift */; };
		78EA7BF42AA630ED00B1DCAE /* BookingModel.swift in Sources */ = {isa = PBXBuildFile; fileRef = 78EA7BF32AA630ED00B1DCAE /* BookingModel.swift */; };
		78EA7BF62AA6311500B1DCAE /* FinishView.swift in Sources */ = {isa = PBXBuildFile; fileRef = 78EA7BF52AA6311500B1DCAE /* FinishView.swift */; };
		78EA7BF92AA6316800B1DCAE /* MasterViewModel.swift in Sources */ = {isa = PBXBuildFile; fileRef = 78EA7BF82AA6316800B1DCAE /* MasterViewModel.swift */; };
		78EA7BFB2AA6317100B1DCAE /* MasterView.swift in Sources */ = {isa = PBXBuildFile; fileRef = 78EA7BFA2AA6317100B1DCAE /* MasterView.swift */; };
		78EA7BFD2AA6317F00B1DCAE /* MasterModel.swift in Sources */ = {isa = PBXBuildFile; fileRef = 78EA7BFC2AA6317F00B1DCAE /* MasterModel.swift */; };
/* End PBXBuildFile section */

/* Begin PBXFileReference section */
		78EA7BCF2AA62BF300B1DCAE /* HotelTestWork.app */ = {isa = PBXFileReference; explicitFileType = wrapper.application; includeInIndex = 0; path = HotelTestWork.app; sourceTree = BUILT_PRODUCTS_DIR; };
		78EA7BD22AA62BF300B1DCAE /* HotelTestWorkApp.swift */ = {isa = PBXFileReference; lastKnownFileType = sourcecode.swift; path = HotelTestWorkApp.swift; sourceTree = "<group>"; };
		78EA7BD42AA62BF300B1DCAE /* ContentView.swift */ = {isa = PBXFileReference; lastKnownFileType = sourcecode.swift; path = ContentView.swift; sourceTree = "<group>"; };
		78EA7BD62AA62BF500B1DCAE /* Assets.xcassets */ = {isa = PBXFileReference; lastKnownFileType = folder.assetcatalog; path = Assets.xcassets; sourceTree = "<group>"; };
		78EA7BD92AA62BF500B1DCAE /* Preview Assets.xcassets */ = {isa = PBXFileReference; lastKnownFileType = folder.assetcatalog; path = "Preview Assets.xcassets"; sourceTree = "<group>"; };
		78EA7BE32AA6306400B1DCAE /* HotelViewModel.swift */ = {isa = PBXFileReference; lastKnownFileType = sourcecode.swift; path = HotelViewModel.swift; sourceTree = "<group>"; };
		78EA7BE52AA6307800B1DCAE /* HotelModel.swift */ = {isa = PBXFileReference; lastKnownFileType = sourcecode.swift; path = HotelModel.swift; sourceTree = "<group>"; };
		78EA7BE72AA6309500B1DCAE /* HotelView.swift */ = {isa = PBXFileReference; lastKnownFileType = sourcecode.swift; path = HotelView.swift; sourceTree = "<group>"; };
		78EA7BE92AA630A200B1DCAE /* RoomViewModel.swift */ = {isa = PBXFileReference; lastKnownFileType = sourcecode.swift; path = RoomViewModel.swift; sourceTree = "<group>"; };
		78EA7BEB2AA630AE00B1DCAE /* RoomView.swift */ = {isa = PBXFileReference; lastKnownFileType = sourcecode.swift; path = RoomView.swift; sourceTree = "<group>"; };
		78EA7BED2AA630C100B1DCAE /* RoomModel.swift */ = {isa = PBXFileReference; lastKnownFileType = sourcecode.swift; path = RoomModel.swift; sourceTree = "<group>"; };
		78EA7BEF2AA630D700B1DCAE /* BookingViewModel.swift */ = {isa = PBXFileReference; lastKnownFileType = sourcecode.swift; path = BookingViewModel.swift; sourceTree = "<group>"; };
		78EA7BF12AA630DF00B1DCAE /* BookingView.swift */ = {isa = PBXFileReference; lastKnownFileType = sourcecode.swift; path = BookingView.swift; sourceTree = "<group>"; };
		78EA7BF32AA630ED00B1DCAE /* BookingModel.swift */ = {isa = PBXFileReference; lastKnownFileType = sourcecode.swift; path = BookingModel.swift; sourceTree = "<group>"; };
		78EA7BF52AA6311500B1DCAE /* FinishView.swift */ = {isa = PBXFileReference; lastKnownFileType = sourcecode.swift; path = FinishView.swift; sourceTree = "<group>"; };
		78EA7BF82AA6316800B1DCAE /* MasterViewModel.swift */ = {isa = PBXFileReference; lastKnownFileType = sourcecode.swift; path = MasterViewModel.swift; sourceTree = "<group>"; };
		78EA7BFA2AA6317100B1DCAE /* MasterView.swift */ = {isa = PBXFileReference; lastKnownFileType = sourcecode.swift; path = MasterView.swift; sourceTree = "<group>"; };
		78EA7BFC2AA6317F00B1DCAE /* MasterModel.swift */ = {isa = PBXFileReference; lastKnownFileType = sourcecode.swift; path = MasterModel.swift; sourceTree = "<group>"; };
/* End PBXFileReference section */

/* Begin PBXFrameworksBuildPhase section */
		78EA7BCC2AA62BF300B1DCAE /* Frameworks */ = {
			isa = PBXFrameworksBuildPhase;
			buildActionMask = 2147483647;
			files = (
			);
			runOnlyForDeploymentPostprocessing = 0;
		};
/* End PBXFrameworksBuildPhase section */

/* Begin PBXGroup section */
		78EA7BC62AA62BF300B1DCAE = {
			isa = PBXGroup;
			children = (
				78EA7BD12AA62BF300B1DCAE /* HotelTestWork */,
				78EA7BD02AA62BF300B1DCAE /* Products */,
			);
			sourceTree = "<group>";
		};
		78EA7BD02AA62BF300B1DCAE /* Products */ = {
			isa = PBXGroup;
			children = (
				78EA7BCF2AA62BF300B1DCAE /* HotelTestWork.app */,
			);
			name = Products;
			sourceTree = "<group>";
		};
		78EA7BD12AA62BF300B1DCAE /* HotelTestWork */ = {
			isa = PBXGroup;
			children = (
				78EA7BD22AA62BF300B1DCAE /* HotelTestWorkApp.swift */,
				78EA7BD42AA62BF300B1DCAE /* ContentView.swift */,
				78EA7BF72AA6314100B1DCAE /* Master */,
				78EA7BE02AA62E3B00B1DCAE /* HotelPage */,
				78EA7BE12AA62FAD00B1DCAE /* RoomPage */,
				78EA7BE22AA62FCD00B1DCAE /* BookingPage */,
				78EA7BF52AA6311500B1DCAE /* FinishView.swift */,
				78EA7BD62AA62BF500B1DCAE /* Assets.xcassets */,
				78EA7BD82AA62BF500B1DCAE /* Preview Content */,
			);
			path = HotelTestWork;
			sourceTree = "<group>";
		};
		78EA7BD82AA62BF500B1DCAE /* Preview Content */ = {
			isa = PBXGroup;
			children = (
				78EA7BD92AA62BF500B1DCAE /* Preview Assets.xcassets */,
			);
			path = "Preview Content";
			sourceTree = "<group>";
		};
		78EA7BE02AA62E3B00B1DCAE /* HotelPage */ = {
			isa = PBXGroup;
			children = (
				78EA7BE52AA6307800B1DCAE /* HotelModel.swift */,
				78EA7BE32AA6306400B1DCAE /* HotelViewModel.swift */,
				78EA7BE72AA6309500B1DCAE /* HotelView.swift */,
			);
			path = HotelPage;
			sourceTree = "<group>";
		};
		78EA7BE12AA62FAD00B1DCAE /* RoomPage */ = {
			isa = PBXGroup;
			children = (
				78EA7BED2AA630C100B1DCAE /* RoomModel.swift */,
				78EA7BE92AA630A200B1DCAE /* RoomViewModel.swift */,
				78EA7BEB2AA630AE00B1DCAE /* RoomView.swift */,
			);
			path = RoomPage;
			sourceTree = "<group>";
		};
		78EA7BE22AA62FCD00B1DCAE /* BookingPage */ = {
			isa = PBXGroup;
			children = (
				78EA7BF32AA630ED00B1DCAE /* BookingModel.swift */,
				78EA7BEF2AA630D700B1DCAE /* BookingViewModel.swift */,
				78EA7BF12AA630DF00B1DCAE /* BookingView.swift */,
			);
			path = BookingPage;
			sourceTree = "<group>";
		};
		78EA7BF72AA6314100B1DCAE /* Master */ = {
			isa = PBXGroup;
			children = (
				78EA7BFC2AA6317F00B1DCAE /* MasterModel.swift */,
				78EA7BF82AA6316800B1DCAE /* MasterViewModel.swift */,
				78EA7BFA2AA6317100B1DCAE /* MasterView.swift */,
			);
			path = Master;
			sourceTree = "<group>";
		};
/* End PBXGroup section */

/* Begin PBXNativeTarget section */
		78EA7BCE2AA62BF300B1DCAE /* HotelTestWork */ = {
			isa = PBXNativeTarget;
			buildConfigurationList = 78EA7BDD2AA62BF500B1DCAE /* Build configuration list for PBXNativeTarget "HotelTestWork" */;
			buildPhases = (
				78EA7BCB2AA62BF300B1DCAE /* Sources */,
				78EA7BCC2AA62BF300B1DCAE /* Frameworks */,
				78EA7BCD2AA62BF300B1DCAE /* Resources */,
			);
			buildRules = (
			);
			dependencies = (
			);
			name = HotelTestWork;
			productName = HotelTestWork;
			productReference = 78EA7BCF2AA62BF300B1DCAE /* HotelTestWork.app */;
			productType = "com.apple.product-type.application";
		};
/* End PBXNativeTarget section */

/* Begin PBXProject section */
		78EA7BC72AA62BF300B1DCAE /* Project object */ = {
			isa = PBXProject;
			attributes = {
				BuildIndependentTargetsInParallel = 1;
				LastSwiftUpdateCheck = 1430;
				LastUpgradeCheck = 1430;
				TargetAttributes = {
					78EA7BCE2AA62BF300B1DCAE = {
						CreatedOnToolsVersion = 14.3.1;
					};
				};
			};
			buildConfigurationList = 78EA7BCA2AA62BF300B1DCAE /* Build configuration list for PBXProject "HotelTestWork" */;
			compatibilityVersion = "Xcode 14.0";
			developmentRegion = en;
			hasScannedForEncodings = 0;
			knownRegions = (
				en,
				Base,
			);
			mainGroup = 78EA7BC62AA62BF300B1DCAE;
			productRefGroup = 78EA7BD02AA62BF300B1DCAE /* Products */;
			projectDirPath = "";
			projectRoot = "";
			targets = (
				78EA7BCE2AA62BF300B1DCAE /* HotelTestWork */,
			);
		};
/* End PBXProject section */

/* Begin PBXResourcesBuildPhase section */
		78EA7BCD2AA62BF300B1DCAE /* Resources */ = {
			isa = PBXResourcesBuildPhase;
			buildActionMask = 2147483647;
			files = (
				78EA7BDA2AA62BF500B1DCAE /* Preview Assets.xcassets in Resources */,
				78EA7BD72AA62BF500B1DCAE /* Assets.xcassets in Resources */,
			);
			runOnlyForDeploymentPostprocessing = 0;
		};
/* End PBXResourcesBuildPhase section */

/* Begin PBXSourcesBuildPhase section */
		78EA7BCB2AA62BF300B1DCAE /* Sources */ = {
			isa = PBXSourcesBuildPhase;
			buildActionMask = 2147483647;
			files = (
				78EA7BEE2AA630C100B1DCAE /* RoomModel.swift in Sources */,
				78EA7BFD2AA6317F00B1DCAE /* MasterModel.swift in Sources */,
				78EA7BF42AA630ED00B1DCAE /* BookingModel.swift in Sources */,
				78EA7BFB2AA6317100B1DCAE /* MasterView.swift in Sources */,
				78EA7BE62AA6307800B1DCAE /* HotelModel.swift in Sources */,
				78EA7BEA2AA630A200B1DCAE /* RoomViewModel.swift in Sources */,
				78EA7BD52AA62BF300B1DCAE /* ContentView.swift in Sources */,
				78EA7BF22AA630DF00B1DCAE /* BookingView.swift in Sources */,
				78EA7BF92AA6316800B1DCAE /* MasterViewModel.swift in Sources */,
				78EA7BEC2AA630AE00B1DCAE /* RoomView.swift in Sources */,
				78EA7BE82AA6309500B1DCAE /* HotelView.swift in Sources */,
				78EA7BD32AA62BF300B1DCAE /* HotelTestWorkApp.swift in Sources */,
				78EA7BF02AA630D700B1DCAE /* BookingViewModel.swift in Sources */,
				78EA7BE42AA6306400B1DCAE /* HotelViewModel.swift in Sources */,
				78EA7BF62AA6311500B1DCAE /* FinishView.swift in Sources */,
			);
			runOnlyForDeploymentPostprocessing = 0;
		};
/* End PBXSourcesBuildPhase section */

/* Begin XCBuildConfiguration section */
		78EA7BDB2AA62BF500B1DCAE /* Debug */ = {
			isa = XCBuildConfiguration;
			buildSettings = {
				ALWAYS_SEARCH_USER_PATHS = NO;
				CLANG_ANALYZER_NONNULL = YES;
				CLANG_ANALYZER_NUMBER_OBJECT_CONVERSION = YES_AGGRESSIVE;
				CLANG_CXX_LANGUAGE_STANDARD = "gnu++20";
				CLANG_ENABLE_MODULES = YES;
				CLANG_ENABLE_OBJC_ARC = YES;
				CLANG_ENABLE_OBJC_WEAK = YES;
				CLANG_WARN_BLOCK_CAPTURE_AUTORELEASING = YES;
				CLANG_WARN_BOOL_CONVERSION = YES;
				CLANG_WARN_COMMA = YES;
				CLANG_WARN_CONSTANT_CONVERSION = YES;
				CLANG_WARN_DEPRECATED_OBJC_IMPLEMENTATIONS = YES;
				CLANG_WARN_DIRECT_OBJC_ISA_USAGE = YES_ERROR;
				CLANG_WARN_DOCUMENTATION_COMMENTS = YES;
				CLANG_WARN_EMPTY_BODY = YES;
				CLANG_WARN_ENUM_CONVERSION = YES;
				CLANG_WARN_INFINITE_RECURSION = YES;
				CLANG_WARN_INT_CONVERSION = YES;
				CLANG_WARN_NON_LITERAL_NULL_CONVERSION = YES;
				CLANG_WARN_OBJC_IMPLICIT_RETAIN_SELF = YES;
				CLANG_WARN_OBJC_LITERAL_CONVERSION = YES;
				CLANG_WARN_OBJC_ROOT_CLASS = YES_ERROR;
				CLANG_WARN_QUOTED_INCLUDE_IN_FRAMEWORK_HEADER = YES;
				CLANG_WARN_RANGE_LOOP_ANALYSIS = YES;
				CLANG_WARN_STRICT_PROTOTYPES = YES;
				CLANG_WARN_SUSPICIOUS_MOVE = YES;
				CLANG_WARN_UNGUARDED_AVAILABILITY = YES_AGGRESSIVE;
				CLANG_WARN_UNREACHABLE_CODE = YES;
				CLANG_WARN__DUPLICATE_METHOD_MATCH = YES;
				COPY_PHASE_STRIP = NO;
				DEBUG_INFORMATION_FORMAT = dwarf;
				ENABLE_STRICT_OBJC_MSGSEND = YES;
				ENABLE_TESTABILITY = YES;
				GCC_C_LANGUAGE_STANDARD = gnu11;
				GCC_DYNAMIC_NO_PIC = NO;
				GCC_NO_COMMON_BLOCKS = YES;
				GCC_OPTIMIZATION_LEVEL = 0;
				GCC_PREPROCESSOR_DEFINITIONS = (
					"DEBUG=1",
					"$(inherited)",
				);
				GCC_WARN_64_TO_32_BIT_CONVERSION = YES;
				GCC_WARN_ABOUT_RETURN_TYPE = YES_ERROR;
				GCC_WARN_UNDECLARED_SELECTOR = YES;
				GCC_WARN_UNINITIALIZED_AUTOS = YES_AGGRESSIVE;
				GCC_WARN_UNUSED_FUNCTION = YES;
				GCC_WARN_UNUSED_VARIABLE = YES;
				IPHONEOS_DEPLOYMENT_TARGET = 16.4;
				MTL_ENABLE_DEBUG_INFO = INCLUDE_SOURCE;
				MTL_FAST_MATH = YES;
				ONLY_ACTIVE_ARCH = YES;
				SDKROOT = iphoneos;
				SWIFT_ACTIVE_COMPILATION_CONDITIONS = DEBUG;
				SWIFT_OPTIMIZATION_LEVEL = "-Onone";
			};
			name = Debug;
		};
		78EA7BDC2AA62BF500B1DCAE /* Release */ = {
			isa = XCBuildConfiguration;
			buildSettings = {
				ALWAYS_SEARCH_USER_PATHS = NO;
				CLANG_ANALYZER_NONNULL = YES;
				CLANG_ANALYZER_NUMBER_OBJECT_CONVERSION = YES_AGGRESSIVE;
				CLANG_CXX_LANGUAGE_STANDARD = "gnu++20";
				CLANG_ENABLE_MODULES = YES;
				CLANG_ENABLE_OBJC_ARC = YES;
				CLANG_ENABLE_OBJC_WEAK = YES;
				CLANG_WARN_BLOCK_CAPTURE_AUTORELEASING = YES;
				CLANG_WARN_BOOL_CONVERSION = YES;
				CLANG_WARN_COMMA = YES;
				CLANG_WARN_CONSTANT_CONVERSION = YES;
				CLANG_WARN_DEPRECATED_OBJC_IMPLEMENTATIONS = YES;
				CLANG_WARN_DIRECT_OBJC_ISA_USAGE = YES_ERROR;
				CLANG_WARN_DOCUMENTATION_COMMENTS = YES;
				CLANG_WARN_EMPTY_BODY = YES;
				CLANG_WARN_ENUM_CONVERSION = YES;
				CLANG_WARN_INFINITE_RECURSION = YES;
				CLANG_WARN_INT_CONVERSION = YES;
				CLANG_WARN_NON_LITERAL_NULL_CONVERSION = YES;
				CLANG_WARN_OBJC_IMPLICIT_RETAIN_SELF = YES;
				CLANG_WARN_OBJC_LITERAL_CONVERSION = YES;
				CLANG_WARN_OBJC_ROOT_CLASS = YES_ERROR;
				CLANG_WARN_QUOTED_INCLUDE_IN_FRAMEWORK_HEADER = YES;
				CLANG_WARN_RANGE_LOOP_ANALYSIS = YES;
				CLANG_WARN_STRICT_PROTOTYPES = YES;
				CLANG_WARN_SUSPICIOUS_MOVE = YES;
				CLANG_WARN_UNGUARDED_AVAILABILITY = YES_AGGRESSIVE;
				CLANG_WARN_UNREACHABLE_CODE = YES;
				CLANG_WARN__DUPLICATE_METHOD_MATCH = YES;
				COPY_PHASE_STRIP = NO;
				DEBUG_INFORMATION_FORMAT = "dwarf-with-dsym";
				ENABLE_NS_ASSERTIONS = NO;
				ENABLE_STRICT_OBJC_MSGSEND = YES;
				GCC_C_LANGUAGE_STANDARD = gnu11;
				GCC_NO_COMMON_BLOCKS = YES;
				GCC_WARN_64_TO_32_BIT_CONVERSION = YES;
				GCC_WARN_ABOUT_RETURN_TYPE = YES_ERROR;
				GCC_WARN_UNDECLARED_SELECTOR = YES;
				GCC_WARN_UNINITIALIZED_AUTOS = YES_AGGRESSIVE;
				GCC_WARN_UNUSED_FUNCTION = YES;
				GCC_WARN_UNUSED_VARIABLE = YES;
				IPHONEOS_DEPLOYMENT_TARGET = 16.4;
				MTL_ENABLE_DEBUG_INFO = NO;
				MTL_FAST_MATH = YES;
				SDKROOT = iphoneos;
				SWIFT_COMPILATION_MODE = wholemodule;
				SWIFT_OPTIMIZATION_LEVEL = "-O";
				VALIDATE_PRODUCT = YES;
			};
			name = Release;
		};
		78EA7BDE2AA62BF500B1DCAE /* Debug */ = {
			isa = XCBuildConfiguration;
			buildSettings = {
				ASSETCATALOG_COMPILER_APPICON_NAME = AppIcon;
				ASSETCATALOG_COMPILER_GLOBAL_ACCENT_COLOR_NAME = AccentColor;
				CODE_SIGN_STYLE = Automatic;
				CURRENT_PROJECT_VERSION = 1;
				DEVELOPMENT_ASSET_PATHS = "\"HotelTestWork/Preview Content\"";
				DEVELOPMENT_TEAM = STW7SF37T7;
				ENABLE_PREVIEWS = YES;
				GENERATE_INFOPLIST_FILE = YES;
				INFOPLIST_KEY_UIApplicationSceneManifest_Generation = YES;
				INFOPLIST_KEY_UIApplicationSupportsIndirectInputEvents = YES;
				INFOPLIST_KEY_UILaunchScreen_Generation = YES;
				INFOPLIST_KEY_UISupportedInterfaceOrientations_iPad = "UIInterfaceOrientationPortrait UIInterfaceOrientationPortraitUpsideDown UIInterfaceOrientationLandscapeLeft UIInterfaceOrientationLandscapeRight";
				INFOPLIST_KEY_UISupportedInterfaceOrientations_iPhone = "UIInterfaceOrientationPortrait UIInterfaceOrientationLandscapeLeft UIInterfaceOrientationLandscapeRight";
				LD_RUNPATH_SEARCH_PATHS = (
					"$(inherited)",
					"@executable_path/Frameworks",
				);
				MARKETING_VERSION = 1.0;
				PRODUCT_BUNDLE_IDENTIFIER = IF.HotelTestWork;
				PRODUCT_NAME = "$(TARGET_NAME)";
				SWIFT_EMIT_LOC_STRINGS = YES;
				SWIFT_VERSION = 5.0;
				TARGETED_DEVICE_FAMILY = "1,2";
			};
			name = Debug;
		};
		78EA7BDF2AA62BF500B1DCAE /* Release */ = {
			isa = XCBuildConfiguration;
			buildSettings = {
				ASSETCATALOG_COMPILER_APPICON_NAME = AppIcon;
				ASSETCATALOG_COMPILER_GLOBAL_ACCENT_COLOR_NAME = AccentColor;
				CODE_SIGN_STYLE = Automatic;
				CURRENT_PROJECT_VERSION = 1;
				DEVELOPMENT_ASSET_PATHS = "\"HotelTestWork/Preview Content\"";
				DEVELOPMENT_TEAM = STW7SF37T7;
				ENABLE_PREVIEWS = YES;
				GENERATE_INFOPLIST_FILE = YES;
				INFOPLIST_KEY_UIApplicationSceneManifest_Generation = YES;
				INFOPLIST_KEY_UIApplicationSupportsIndirectInputEvents = YES;
				INFOPLIST_KEY_UILaunchScreen_Generation = YES;
				INFOPLIST_KEY_UISupportedInterfaceOrientations_iPad = "UIInterfaceOrientationPortrait UIInterfaceOrientationPortraitUpsideDown UIInterfaceOrientationLandscapeLeft UIInterfaceOrientationLandscapeRight";
				INFOPLIST_KEY_UISupportedInterfaceOrientations_iPhone = "UIInterfaceOrientationPortrait UIInterfaceOrientationLandscapeLeft UIInterfaceOrientationLandscapeRight";
				LD_RUNPATH_SEARCH_PATHS = (
					"$(inherited)",
					"@executable_path/Frameworks",
				);
				MARKETING_VERSION = 1.0;
				PRODUCT_BUNDLE_IDENTIFIER = IF.HotelTestWork;
				PRODUCT_NAME = "$(TARGET_NAME)";
				SWIFT_EMIT_LOC_STRINGS = YES;
				SWIFT_VERSION = 5.0;
				TARGETED_DEVICE_FAMILY = "1,2";
			};
			name = Release;
		};
/* End XCBuildConfiguration section */

/* Begin XCConfigurationList section */
		78EA7BCA2AA62BF300B1DCAE /* Build configuration list for PBXProject "HotelTestWork" */ = {
			isa = XCConfigurationList;
			buildConfigurations = (
				78EA7BDB2AA62BF500B1DCAE /* Debug */,
				78EA7BDC2AA62BF500B1DCAE /* Release */,
			);
			defaultConfigurationIsVisible = 0;
			defaultConfigurationName = Release;
		};
		78EA7BDD2AA62BF500B1DCAE /* Build configuration list for PBXNativeTarget "HotelTestWork" */ = {
			isa = XCConfigurationList;
			buildConfigurations = (
				78EA7BDE2AA62BF500B1DCAE /* Debug */,
				78EA7BDF2AA62BF500B1DCAE /* Release */,
			);
			defaultConfigurationIsVisible = 0;
			defaultConfigurationName = Release;
		};
/* End XCConfigurationList section */
	};
	rootObject = 78EA7BC72AA62BF300B1DCAE /* Project object */;
}
